
Microsoft Visual Studio Solution File, Format Version 12.00
# Visual Studio Version 17
VisualStudioVersion = 17.3.32929.385
MinimumVisualStudioVersion = 10.0.40219.1
Project("{FAE04EC0-301F-11D3-BF4B-00C04F79EFBC}") = "APIApp", "APIApp.csproj", "{99998BB0-725B-4614-8260-DE167756CD57}"
EndProject
Project("{00D1A9C2-B5F0-4AF3-8072-F6C62B433612}") = "UserDB", "..\UserDB\UserDB.sqlproj", "{920AC12C-C2A6-44B3-9299-ECD916AD7CC5}"
EndProject
Project("{FAE04EC0-301F-11D3-BF4B-00C04F79EFBC}") = "DataAccess", "..\DataAccess\DataAccess.csproj", "{92A47603-812A-4156-B37C-16765E2EBE08}"
EndProject
Project("{2150E333-8FDC-42A3-9474-1A3956D46DE8}") = "Solution Items", "Solution Items", "{7DEF1405-E147-43EA-90F6-9E679C812DFD}"
	ProjectSection(SolutionItems) = preProject
		.editorconfig = .editorconfig
	EndProjectSection
EndProject
Global
	GlobalSection(SolutionConfigurationPlatforms) = preSolution
		Debug|Any CPU = Debug|Any CPU
		Release|Any CPU = Release|Any CPU
	EndGlobalSection
	GlobalSection(ProjectConfigurationPlatforms) = postSolution
		{99998BB0-725B-4614-8260-DE167756CD57}.Debug|Any CPU.ActiveCfg = Debug|Any CPU
		{99998BB0-725B-4614-8260-DE167756CD57}.Debug|Any CPU.Build.0 = Debug|Any CPU
		{99998BB0-725B-4614-8260-DE167756CD57}.Release|Any CPU.ActiveCfg = Release|Any CPU
		{99998BB0-725B-4614-8260-DE167756CD57}.Release|Any CPU.Build.0 = Release|Any CPU
		{920AC12C-C2A6-44B3-9299-ECD916AD7CC5}.Debug|Any CPU.ActiveCfg = Debug|Any CPU
		{920AC12C-C2A6-44B3-9299-ECD916AD7CC5}.Debug|Any CPU.Build.0 = Debug|Any CPU
		{920AC12C-C2A6-44B3-9299-ECD916AD7CC5}.Debug|Any CPU.Deploy.0 = Debug|Any CPU
		{920AC12C-C2A6-44B3-9299-ECD916AD7CC5}.Release|Any CPU.ActiveCfg = Release|Any CPU
		{920AC12C-C2A6-44B3-9299-ECD916AD7CC5}.Release|Any CPU.Build.0 = Release|Any CPU
		{920AC12C-C2A6-44B3-9299-ECD916AD7CC5}.Release|Any CPU.Deploy.0 = Release|Any CPU
		{92A47603-812A-4156-B37C-16765E2EBE08}.Debug|Any CPU.ActiveCfg = Debug|Any CPU
		{92A47603-812A-4156-B37C-16765E2EBE08}.Debug|Any CPU.Build.0 = Debug|Any CPU
		{92A47603-812A-4156-B37C-16765E2EBE08}.Release|Any CPU.ActiveCfg = Release|Any CPU
		{92A47603-812A-4156-B37C-16765E2EBE08}.Release|Any CPU.Build.0 = Release|Any CPU
	EndGlobalSection
	GlobalSection(SolutionProperties) = preSolution
		HideSolutionNode = FALSE
	EndGlobalSection
	GlobalSection(ExtensibilityGlobals) = postSolution
		SolutionGuid = {F8D98219-1A6B-4B50-9F28-CB22969FA30F}
	EndGlobalSection
EndGlobal
